// !$*UTF8*$!
{
	archiveVersion = 1;
	classes = {
	};
	objectVersion = 46;
	objects = {

/* Begin PBXBuildFile section */
		410B1F631A87C7AD00F3FAD5 /* AppDelegate.swift in Sources */ = {isa = PBXBuildFile; fileRef = 410B1F621A87C7AD00F3FAD5 /* AppDelegate.swift */; };
		410B1F651A87C7AD00F3FAD5 /* ViewController.swift in Sources */ = {isa = PBXBuildFile; fileRef = 410B1F641A87C7AD00F3FAD5 /* ViewController.swift */; };
		410B1F681A87C7AD00F3FAD5 /* Main.storyboard in Resources */ = {isa = PBXBuildFile; fileRef = 410B1F661A87C7AD00F3FAD5 /* Main.storyboard */; };
		410B1F6A1A87C7AD00F3FAD5 /* Images.xcassets in Resources */ = {isa = PBXBuildFile; fileRef = 410B1F691A87C7AD00F3FAD5 /* Images.xcassets */; };
		410B1F6D1A87C7AD00F3FAD5 /* LaunchScreen.xib in Resources */ = {isa = PBXBuildFile; fileRef = 410B1F6B1A87C7AD00F3FAD5 /* LaunchScreen.xib */; };
		410B1F791A87C7AD00F3FAD5 /* SlotMachineTests.swift in Sources */ = {isa = PBXBuildFile; fileRef = 410B1F781A87C7AD00F3FAD5 /* SlotMachineTests.swift */; };
/* End PBXBuildFile section */

/* Begin PBXContainerItemProxy section */
		410B1F731A87C7AD00F3FAD5 /* PBXContainerItemProxy */ = {
			isa = PBXContainerItemProxy;
			containerPortal = 410B1F551A87C7AD00F3FAD5 /* Project object */;
			proxyType = 1;
			remoteGlobalIDString = 410B1F5C1A87C7AD00F3FAD5;
			remoteInfo = SlotMachine;
		};
/* End PBXContainerItemProxy section */

/* Begin PBXFileReference section */
		410B1F5D1A87C7AD00F3FAD5 /* SlotMachine.app */ = {isa = PBXFileReference; explicitFileType = wrapper.application; includeInIndex = 0; path = SlotMachine.app; sourceTree = BUILT_PRODUCTS_DIR; };
		410B1F611A87C7AD00F3FAD5 /* Info.plist */ = {isa = PBXFileReference; lastKnownFileType = text.plist.xml; path = Info.plist; sourceTree = "<group>"; };
		410B1F621A87C7AD00F3FAD5 /* AppDelegate.swift */ = {isa = PBXFileReference; lastKnownFileType = sourcecode.swift; path = AppDelegate.swift; sourceTree = "<group>"; };
		410B1F641A87C7AD00F3FAD5 /* ViewController.swift */ = {isa = PBXFileReference; lastKnownFileType = sourcecode.swift; path = ViewController.swift; sourceTree = "<group>"; };
		410B1F671A87C7AD00F3FAD5 /* Base */ = {isa = PBXFileReference; lastKnownFileType = file.storyboard; name = Base; path = Base.lproj/Main.storyboard; sourceTree = "<group>"; };
		410B1F691A87C7AD00F3FAD5 /* Images.xcassets */ = {isa = PBXFileReference; lastKnownFileType = folder.assetcatalog; path = Images.xcassets; sourceTree = "<group>"; };
		410B1F6C1A87C7AD00F3FAD5 /* Base */ = {isa = PBXFileReference; lastKnownFileType = file.xib; name = Base; path = Base.lproj/LaunchScreen.xib; sourceTree = "<group>"; };
		410B1F721A87C7AD00F3FAD5 /* SlotMachineTests.xctest */ = {isa = PBXFileReference; explicitFileType = wrapper.cfbundle; includeInIndex = 0; path = SlotMachineTests.xctest; sourceTree = BUILT_PRODUCTS_DIR; };
		410B1F771A87C7AD00F3FAD5 /* Info.plist */ = {isa = PBXFileReference; lastKnownFileType = text.plist.xml; path = Info.plist; sourceTree = "<group>"; };
		410B1F781A87C7AD00F3FAD5 /* SlotMachineTests.swift */ = {isa = PBXFileReference; lastKnownFileType = sourcecode.swift; path = SlotMachineTests.swift; sourceTree = "<group>"; };
/* End PBXFileReference section */

/* Begin PBXFrameworksBuildPhase section */
		410B1F5A1A87C7AD00F3FAD5 /* Frameworks */ = {
			isa = PBXFrameworksBuildPhase;
			buildActionMask = 2147483647;
			files = (
			);
			runOnlyForDeploymentPostprocessing = 0;
		};
		410B1F6F1A87C7AD00F3FAD5 /* Frameworks */ = {
			isa = PBXFrameworksBuildPhase;
			buildActionMask = 2147483647;
			files = (
			);
			runOnlyForDeploymentPostprocessing = 0;
		};
/* End PBXFrameworksBuildPhase section */

/* Begin PBXGroup section */
		410B1F541A87C7AD00F3FAD5 = {
			isa = PBXGroup;
			children = (
				410B1F5F1A87C7AD00F3FAD5 /* SlotMachine */,
				410B1F751A87C7AD00F3FAD5 /* SlotMachineTests */,
				410B1F5E1A87C7AD00F3FAD5 /* Products */,
			);
			sourceTree = "<group>";
		};
		410B1F5E1A87C7AD00F3FAD5 /* Products */ = {
			isa = PBXGroup;
			children = (
				410B1F5D1A87C7AD00F3FAD5 /* SlotMachine.app */,
				410B1F721A87C7AD00F3FAD5 /* SlotMachineTests.xctest */,
			);
			name = Products;
			sourceTree = "<group>";
		};
		410B1F5F1A87C7AD00F3FAD5 /* SlotMachine */ = {
			isa = PBXGroup;
			children = (
				410B1F621A87C7AD00F3FAD5 /* AppDelegate.swift */,
				410B1F641A87C7AD00F3FAD5 /* ViewController.swift */,
				410B1F661A87C7AD00F3FAD5 /* Main.storyboard */,
				410B1F691A87C7AD00F3FAD5 /* Images.xcassets */,
				410B1F6B1A87C7AD00F3FAD5 /* LaunchScreen.xib */,
				410B1F601A87C7AD00F3FAD5 /* Supporting Files */,
			);
			path = SlotMachine;
			sourceTree = "<group>";
		};
		410B1F601A87C7AD00F3FAD5 /* Supporting Files */ = {
			isa = PBXGroup;
			children = (
				410B1F611A87C7AD00F3FAD5 /* Info.plist */,
			);
			name = "Supporting Files";
			sourceTree = "<group>";
		};
		410B1F751A87C7AD00F3FAD5 /* SlotMachineTests */ = {
			isa = PBXGroup;
			children = (
				410B1F781A87C7AD00F3FAD5 /* SlotMachineTests.swift */,
				410B1F761A87C7AD00F3FAD5 /* Supporting Files */,
			);
			path = SlotMachineTests;
			sourceTree = "<group>";
		};
		410B1F761A87C7AD00F3FAD5 /* Supporting Files */ = {
			isa = PBXGroup;
			children = (
				410B1F771A87C7AD00F3FAD5 /* Info.plist */,
			);
			name = "Supporting Files";
			sourceTree = "<group>";
		};
/* End PBXGroup section */

/* Begin PBXNativeTarget section */
		410B1F5C1A87C7AD00F3FAD5 /* SlotMachine */ = {
			isa = PBXNativeTarget;
			buildConfigurationList = 410B1F7C1A87C7AD00F3FAD5 /* Build configuration list for PBXNativeTarget "SlotMachine" */;
			buildPhases = (
				410B1F591A87C7AD00F3FAD5 /* Sources */,
				410B1F5A1A87C7AD00F3FAD5 /* Frameworks */,
				410B1F5B1A87C7AD00F3FAD5 /* Resources */,
			);
			buildRules = (
			);
			dependencies = (
			);
			name = SlotMachine;
			productName = SlotMachine;
			productReference = 410B1F5D1A87C7AD00F3FAD5 /* SlotMachine.app */;
			productType = "com.apple.product-type.application";
		};
		410B1F711A87C7AD00F3FAD5 /* SlotMachineTests */ = {
			isa = PBXNativeTarget;
			buildConfigurationList = 410B1F7F1A87C7AD00F3FAD5 /* Build configuration list for PBXNativeTarget "SlotMachineTests" */;
			buildPhases = (
				410B1F6E1A87C7AD00F3FAD5 /* Sources */,
				410B1F6F1A87C7AD00F3FAD5 /* Frameworks */,
				410B1F701A87C7AD00F3FAD5 /* Resources */,
			);
			buildRules = (
			);
			dependencies = (
				410B1F741A87C7AD00F3FAD5 /* PBXTargetDependency */,
			);
			name = SlotMachineTests;
			productName = SlotMachineTests;
			productReference = 410B1F721A87C7AD00F3FAD5 /* SlotMachineTests.xctest */;
			productType = "com.apple.product-type.bundle.unit-test";
		};
/* End PBXNativeTarget section */

/* Begin PBXProject section */
		410B1F551A87C7AD00F3FAD5 /* Project object */ = {
			isa = PBXProject;
			attributes = {
				LastUpgradeCheck = 0610;
				ORGANIZATIONNAME = "Diego Perez";
				TargetAttributes = {
					410B1F5C1A87C7AD00F3FAD5 = {
						CreatedOnToolsVersion = 6.1;
					};
					410B1F711A87C7AD00F3FAD5 = {
						CreatedOnToolsVersion = 6.1;
						TestTargetID = 410B1F5C1A87C7AD00F3FAD5;
					};
				};
			};
			buildConfigurationList = 410B1F581A87C7AD00F3FAD5 /* Build configuration list for PBXProject "SlotMachine" */;
			compatibilityVersion = "Xcode 3.2";
			developmentRegion = English;
			hasScannedForEncodings = 0;
			knownRegions = (
				en,
				Base,
			);
			mainGroup = 410B1F541A87C7AD00F3FAD5;
			productRefGroup = 410B1F5E1A87C7AD00F3FAD5 /* Products */;
			projectDirPath = "";
			projectRoot = "";
			targets = (
				410B1F5C1A87C7AD00F3FAD5 /* SlotMachine */,
				410B1F711A87C7AD00F3FAD5 /* SlotMachineTests */,
			);
		};
/* End PBXProject section */

/* Begin PBXResourcesBuildPhase section */
		410B1F5B1A87C7AD00F3FAD5 /* Resources */ = {
			isa = PBXResourcesBuildPhase;
			buildActionMask = 2147483647;
			files = (
				410B1F681A87C7AD00F3FAD5 /* Main.storyboard in Resources */,
				410B1F6D1A87C7AD00F3FAD5 /* LaunchScreen.xib in Resources */,
				410B1F6A1A87C7AD00F3FAD5 /* Images.xcassets in Resources */,
			);
			runOnlyForDeploymentPostprocessing = 0;
		};
		410B1F701A87C7AD00F3FAD5 /* Resources */ = {
			isa = PBXResourcesBuildPhase;
			buildActionMask = 2147483647;
			files = (
			);
			runOnlyForDeploymentPostprocessing = 0;
		};
/* End PBXResourcesBuildPhase section */

/* Begin PBXSourcesBuildPhase section */
		410B1F591A87C7AD00F3FAD5 /* Sources */ = {
			isa = PBXSourcesBuildPhase;
			buildActionMask = 2147483647;
			files = (
				410B1F651A87C7AD00F3FAD5 /* ViewController.swift in Sources */,
				410B1F631A87C7AD00F3FAD5 /* AppDelegate.swift in Sources */,
			);
			runOnlyForDeploymentPostprocessing = 0;
		};
		410B1F6E1A87C7AD00F3FAD5 /* Sources */ = {
			isa = PBXSourcesBuildPhase;
			buildActionMask = 2147483647;
			files = (
				410B1F791A87C7AD00F3FAD5 /* SlotMachineTests.swift in Sources */,
			);
			runOnlyForDeploymentPostprocessing = 0;
		};
/* End PBXSourcesBuildPhase section */

/* Begin PBXTargetDependency section */
		410B1F741A87C7AD00F3FAD5 /* PBXTargetDependency */ = {
			isa = PBXTargetDependency;
			target = 410B1F5C1A87C7AD00F3FAD5 /* SlotMachine */;
			targetProxy = 410B1F731A87C7AD00F3FAD5 /* PBXContainerItemProxy */;
		};
/* End PBXTargetDependency section */

/* Begin PBXVariantGroup section */
		410B1F661A87C7AD00F3FAD5 /* Main.storyboard */ = {
			isa = PBXVariantGroup;
			children = (
				410B1F671A87C7AD00F3FAD5 /* Base */,
			);
			name = Main.storyboard;
			sourceTree = "<group>";
		};
		410B1F6B1A87C7AD00F3FAD5 /* LaunchScreen.xib */ = {
			isa = PBXVariantGroup;
			children = (
				410B1F6C1A87C7AD00F3FAD5 /* Base */,
			);
			name = LaunchScreen.xib;
			sourceTree = "<group>";
		};
/* End PBXVariantGroup section */

/* Begin XCBuildConfiguration section */
		410B1F7A1A87C7AD00F3FAD5 /* Debug */ = {
			isa = XCBuildConfiguration;
			buildSettings = {
				ALWAYS_SEARCH_USER_PATHS = NO;
				CLANG_CXX_LANGUAGE_STANDARD = "gnu++0x";
				CLANG_CXX_LIBRARY = "libc++";
				CLANG_ENABLE_MODULES = YES;
				CLANG_ENABLE_OBJC_ARC = YES;
				CLANG_WARN_BOOL_CONVERSION = YES;
				CLANG_WARN_CONSTANT_CONVERSION = YES;
				CLANG_WARN_DIRECT_OBJC_ISA_USAGE = YES_ERROR;
				CLANG_WARN_EMPTY_BODY = YES;
				CLANG_WARN_ENUM_CONVERSION = YES;
				CLANG_WARN_INT_CONVERSION = YES;
				CLANG_WARN_OBJC_ROOT_CLASS = YES_ERROR;
				CLANG_WARN_UNREACHABLE_CODE = YES;
				CLANG_WARN__DUPLICATE_METHOD_MATCH = YES;
				"CODE_SIGN_IDENTITY[sdk=iphoneos*]" = "iPhone Developer";
				COPY_PHASE_STRIP = NO;
				ENABLE_STRICT_OBJC_MSGSEND = YES;
				GCC_C_LANGUAGE_STANDARD = gnu99;
				GCC_DYNAMIC_NO_PIC = NO;
				GCC_OPTIMIZATION_LEVEL = 0;
				GCC_PREPROCESSOR_DEFINITIONS = (
					"DEBUG=1",
					"$(inherited)",
				);
				GCC_SYMBOLS_PRIVATE_EXTERN = NO;
				GCC_WARN_64_TO_32_BIT_CONVERSION = YES;
				GCC_WARN_ABOUT_RETURN_TYPE = YES_ERROR;
				GCC_WARN_UNDECLARED_SELECTOR = YES;
				GCC_WARN_UNINITIALIZED_AUTOS = YES_AGGRESSIVE;
				GCC_WARN_UNUSED_FUNCTION = YES;
				GCC_WARN_UNUSED_VARIABLE = YES;
				IPHONEOS_DEPLOYMENT_TARGET = 8.1;
				MTL_ENABLE_DEBUG_INFO = YES;
				ONLY_ACTIVE_ARCH = YES;
				SDKROOT = iphoneos;
				SWIFT_OPTIMIZATION_LEVEL = "-Onone";
				TARGETED_DEVICE_FAMILY = "1,2";
			};
			name = Debug;
		};
		410B1F7B1A87C7AD00F3FAD5 /* Release */ = {
			isa = XCBuildConfiguration;
			buildSettings = {
				ALWAYS_SEARCH_USER_PATHS = NO;
				CLANG_CXX_LANGUAGE_STANDARD = "gnu++0x";
				CLANG_CXX_LIBRARY = "libc++";
				CLANG_ENABLE_MODULES = YES;
				CLANG_ENABLE_OBJC_ARC = YES;
				CLANG_WARN_BOOL_CONVERSION = YES;
				CLANG_WARN_CONSTANT_CONVERSION = YES;
				CLANG_WARN_DIRECT_OBJC_ISA_USAGE = YES_ERROR;
				CLANG_WARN_EMPTY_BODY = YES;
				CLANG_WARN_ENUM_CONVERSION = YES;
				CLANG_WARN_INT_CONVERSION = YES;
				CLANG_WARN_OBJC_ROOT_CLASS = YES_ERROR;
				CLANG_WARN_UNREACHABLE_CODE = YES;
				CLANG_WARN__DUPLICATE_METHOD_MATCH = YES;
				"CODE_SIGN_IDENTITY[sdk=iphoneos*]" = "iPhone Developer";
				COPY_PHASE_STRIP = YES;
				ENABLE_NS_ASSERTIONS = NO;
				ENABLE_STRICT_OBJC_MSGSEND = YES;
				GCC_C_LANGUAGE_STANDARD = gnu99;
				GCC_WARN_64_TO_32_BIT_CONVERSION = YES;
				GCC_WARN_ABOUT_RETURN_TYPE = YES_ERROR;
				GCC_WARN_UNDECLARED_SELECTOR = YES;
				GCC_WARN_UNINITIALIZED_AUTOS = YES_AGGRESSIVE;
				GCC_WARN_UNUSED_FUNCTION = YES;
				GCC_WARN_UNUSED_VARIABLE = YES;
				IPHONEOS_DEPLOYMENT_TARGET = 8.1;
				MTL_ENABLE_DEBUG_INFO = NO;
				SDKROOT = iphoneos;
				TARGETED_DEVICE_FAMILY = "1,2";
				VALIDATE_PRODUCT = YES;
			};
			name = Release;
		};
		410B1F7D1A87C7AD00F3FAD5 /* Debug */ = {
			isa = XCBuildConfiguration;
			buildSettings = {
				ASSETCATALOG_COMPILER_APPICON_NAME = AppIcon;
				INFOPLIST_FILE = SlotMachine/Info.plist;
				LD_RUNPATH_SEARCH_PATHS = "$(inherited) @executable_path/Frameworks";
				PRODUCT_NAME = "$(TARGET_NAME)";
			};
			name = Debug;
		};
		410B1F7E1A87C7AD00F3FAD5 /* Release */ = {
			isa = XCBuildConfiguration;
			buildSettings = {
				ASSETCATALOG_COMPILER_APPICON_NAME = AppIcon;
				INFOPLIST_FILE = SlotMachine/Info.plist;
				LD_RUNPATH_SEARCH_PATHS = "$(inherited) @executable_path/Frameworks";
				PRODUCT_NAME = "$(TARGET_NAME)";
			};
			name = Release;
		};
		410B1F801A87C7AD00F3FAD5 /* Debug */ = {
			isa = XCBuildConfiguration;
			buildSettings = {
				BUNDLE_LOADER = "$(TEST_HOST)";
				FRAMEWORK_SEARCH_PATHS = (
					"$(SDKROOT)/Developer/Library/Frameworks",
					"$(inherited)",
				);
				GCC_PREPROCESSOR_DEFINITIONS = (
					"DEBUG=1",
					"$(inherited)",
				);
				INFOPLIST_FILE = SlotMachineTests/Info.plist;
				LD_RUNPATH_SEARCH_PATHS = "$(inherited) @executable_path/Frameworks @loader_path/Frameworks";
				PRODUCT_NAME = "$(TARGET_NAME)";
				TEST_HOST = "$(BUILT_PRODUCTS_DIR)/SlotMachine.app/SlotMachine";
			};
			name = Debug;
		};
		410B1F811A87C7AD00F3FAD5 /* Release */ = {
			isa = XCBuildConfiguration;
			buildSettings = {
				BUNDLE_LOADER = "$(TEST_HOST)";
				FRAMEWORK_SEARCH_PATHS = (
					"$(SDKROOT)/Developer/Library/Frameworks",
					"$(inherited)",
				);
				INFOPLIST_FILE = SlotMachineTests/Info.plist;
				LD_RUNPATH_SEARCH_PATHS = "$(inherited) @executable_path/Frameworks @loader_path/Frameworks";
				PRODUCT_NAME = "$(TARGET_NAME)";
				TEST_HOST = "$(BUILT_PRODUCTS_DIR)/SlotMachine.app/SlotMachine";
			};
			name = Release;
		};
/* End XCBuildConfiguration section */

/* Begin XCConfigurationList section */
		410B1F581A87C7AD00F3FAD5 /* Build configuration list for PBXProject "SlotMachine" */ = {
			isa = XCConfigurationList;
			buildConfigurations = (
				410B1F7A1A87C7AD00F3FAD5 /* Debug */,
				410B1F7B1A87C7AD00F3FAD5 /* Release */,
			);
			defaultConfigurationIsVisible = 0;
			defaultConfigurationName = Release;
		};
		410B1F7C1A87C7AD00F3FAD5 /* Build configuration list for PBXNativeTarget "SlotMachine" */ = {
			isa = XCConfigurationList;
			buildConfigurations = (
				410B1F7D1A87C7AD00F3FAD5 /* Debug */,
				410B1F7E1A87C7AD00F3FAD5 /* Release */,
			);
			defaultConfigurationIsVisible = 0;
		};
		410B1F7F1A87C7AD00F3FAD5 /* Build configuration list for PBXNativeTarget "SlotMachineTests" */ = {
			isa = XCConfigurationList;
			buildConfigurations = (
				410B1F801A87C7AD00F3FAD5 /* Debug */,
				410B1F811A87C7AD00F3FAD5 /* Release */,
			);
			defaultConfigurationIsVisible = 0;
		};
/* End XCConfigurationList section */
	};
	rootObject = 410B1F551A87C7AD00F3FAD5 /* Project object */;
}
